{
  "name": "y",
  "version": "1.0.0",
  "lockfileVersion": 3,
  "requires": true,
  "packages": {
    "": {
      "name": "y",
      "version": "1.0.0",
      "license": "ISC",
      "dependencies": {
        "gsap": "^3.11.5",
        "lil-gui": "^0.18.1",
        "three": "^0.151.3",
        "three-msdf-text-utils": "^1.1.0"
      }
    },
    "node_modules/an-array": {
      "version": "1.0.0",
      "resolved": "https://registry.npmjs.org/an-array/-/an-array-1.0.0.tgz",
      "integrity": "sha512-M175GYI7RmsYu24Ok383yZQa3eveDfNnmhTe3OQ3bm70bEovz2gWenH+ST/n32M8lrwLWk74hcPds5CDRPe2wg=="
    },
    "node_modules/dtype": {
      "version": "2.0.0",
      "resolved": "https://registry.npmjs.org/dtype/-/dtype-2.0.0.tgz",
      "integrity": "sha512-s2YVcLKdFGS0hpFqJaTwscsyt0E8nNFdmo73Ocd81xNPj4URI4rj6D60A+vFMIw7BXWlb4yRkEwfBqcZzPGiZg==",
      "engines": {
        "node": ">= 0.8.0"
      }
    },
    "node_modules/gsap": {
      "version": "3.11.5",
      "resolved": "https://registry.npmjs.org/gsap/-/gsap-3.11.5.tgz",
      "integrity": "sha512-Q89nKCLgoX5xUjznh9LcaIUkz54k1voNucT1Rpf9SJNFIQznBwFqt5qUUQbeVInFyN/n18OUJkpeI6CNEDt74w=="
    },
    "node_modules/is-buffer": {
      "version": "1.1.6",
      "resolved": "https://registry.npmjs.org/is-buffer/-/is-buffer-1.1.6.tgz",
      "integrity": "sha512-NcdALwpXkTm5Zvvbk7owOUSvVvBKDgKP5/ewfXEznmQFfs4ZRmanOeKBTjRVjka3QFoN6XJ+9F3USqfHqTaU5w=="
    },
    "node_modules/lil-gui": {
      "version": "0.18.1",
      "resolved": "https://registry.npmjs.org/lil-gui/-/lil-gui-0.18.1.tgz",
      "integrity": "sha512-nsDJLflFGro81hcGqaiDNBEKgkMKNF9okmMmW3Xc6sPXP1zyfD3oIftyctvBQD2iTIUgWDw6CuME1IQZD+OvLw=="
    },
    "node_modules/quad-indices": {
      "version": "2.0.1",
      "resolved": "https://registry.npmjs.org/quad-indices/-/quad-indices-2.0.1.tgz",
      "integrity": "sha512-6jtmCsEbGAh5npThXrBaubbTjPcF0rMbn57XCJVI7LkW8PUT56V+uIrRCCWCn85PSgJC9v8Pm5tnJDwmOBewvA==",
      "dependencies": {
        "an-array": "^1.0.0",
        "dtype": "^2.0.0",
        "is-buffer": "^1.0.2"
      }
    },
    "node_modules/three": {
      "version": "0.151.3",
      "resolved": "https://registry.npmjs.org/three/-/three-0.151.3.tgz",
      "integrity": "sha512-+vbuqxFy8kzLeO5MgpBHUvP/EAiecaDwDuOPPDe6SbrZr96kccF0ktLngXc7xA7bzyd3N0t2f6mw3Z9y6JCojQ=="
    },
    "node_modules/three-msdf-text-utils": {
      "version": "1.1.0",
      "resolved": "https://registry.npmjs.org/three-msdf-text-utils/-/three-msdf-text-utils-1.1.0.tgz",
      "integrity": "sha512-24kISaOIbmULoIn4i01LIrQe6cdxem8xKFiDFSzawiLKz8GQt2QtQ/EHXYDQl33VwPT+i5HhF4xATf6tomtP+A==",
      "dependencies": {
        "quad-indices": "^2.0.1",
        "word-wrapper": "^1.0.7"
      },
      "peerDependencies": {
        "three": ">= 0.129.0"
      }
    },
    "node_modules/word-wrapper": {
      "version": "1.0.7",
      "resolved": "https://registry.npmjs.org/word-wrapper/-/word-wrapper-1.0.7.tgz",
      "integrity": "sha512-VOPBFCm9b6FyYKQYfn9AVn2dQvdR/YOVFV6IBRA1TBMJWKffvhEX1af6FMGrttILs2Q9ikCRhLqkbY2weW6dOQ=="
    }
  }
}
